Microsoft Visual Studio Solution File, Format Version 12.00
# Visual Studio Version 17
VisualStudioVersion = 17.12.35707.178
MinimumVisualStudioVersion = 10.0.40219.1
Project("{FAE04EC0-301F-11D3-BF4B-00C04F79EFBC}") = "AndTestingSystem.Services", "AndTestingSystem.Services\AndTestingSystem.Services.csproj", "{A5205BE3-68DB-4649-B551-3731C742CF85}"
EndProject
Project("{FAE04EC0-301F-11D3-BF4B-00C04F79EFBC}") = "AdnTestingSytem.Repositories", "AdnTestingSytem.Repositories\AdnTestingSytem.Repositories.csproj", "{775723D6-D535-4605-AA8C-093DDE8B0DE2}"
EndProject
Project("{9A19103F-16F7-4668-BE54-9A1E7A4F7556}") = "AndTestingSystem.API", "AndTestingSystem.API\AndTestingSystem.API.csproj", "{59E3F9F1-9DF9-41A1-98A5-0057F1E6C073}"
EndProject
Global
	GlobalSection(SolutionConfigurationPlatforms) = preSolution
		Debug|Any CPU = Debug|Any CPU
		Release|Any CPU = Release|Any CPU
	EndGlobalSection
	GlobalSection(ProjectConfigurationPlatforms) = postSolution
		{A5205BE3-68DB-4649-B551-3731C742CF85}.Debug|Any CPU.ActiveCfg = Debug|Any CPU
		{A5205BE3-68DB-4649-B551-3731C742CF85}.Debug|Any CPU.Build.0 = Debug|Any CPU
		{A5205BE3-68DB-4649-B551-3731C742CF85}.Release|Any CPU.ActiveCfg = Release|Any CPU
		{A5205BE3-68DB-4649-B551-3731C742CF85}.Release|Any CPU.Build.0 = Release|Any CPU
		{775723D6-D535-4605-AA8C-093DDE8B0DE2}.Debug|Any CPU.ActiveCfg = Debug|Any CPU
		{775723D6-D535-4605-AA8C-093DDE8B0DE2}.Debug|Any CPU.Build.0 = Debug|Any CPU
		{775723D6-D535-4605-AA8C-093DDE8B0DE2}.Release|Any CPU.ActiveCfg = Release|Any CPU
		{775723D6-D535-4605-AA8C-093DDE8B0DE2}.Release|Any CPU.Build.0 = Release|Any CPU
		{59E3F9F1-9DF9-41A1-98A5-0057F1E6C073}.Debug|Any CPU.ActiveCfg = Debug|Any CPU
		{59E3F9F1-9DF9-41A1-98A5-0057F1E6C073}.Debug|Any CPU.Build.0 = Debug|Any CPU
		{59E3F9F1-9DF9-41A1-98A5-0057F1E6C073}.Release|Any CPU.ActiveCfg = Release|Any CPU
		{59E3F9F1-9DF9-41A1-98A5-0057F1E6C073}.Release|Any CPU.Build.0 = Release|Any CPU
	EndGlobalSection
	GlobalSection(SolutionProperties) = preSolution
		HideSolutionNode = FALSE
	EndGlobalSection
	GlobalSection(ExtensibilityGlobals) = postSolution
		SolutionGuid = {F499F8F0-7014-45CE-8AF7-7ADA8A1980D9}
	EndGlobalSection
EndGlobal
