Microsoft Visual Studio Solution File, Format Version 12.00
# Visual Studio Version 17
VisualStudioVersion = 17.12.35707.178
MinimumVisualStudioVersion = 10.0.40219.1
Project("{FAE04EC0-301F-11D3-BF4B-00C04F79EFBC}") = "AdnTestingSystem.AppHost", "AdnTestingSystem.AppHost\AdnTestingSystem.AppHost.csproj", "{ECE9A1D2-86C5-4632-A552-C9EB3EA29473}"
EndProject
Project("{FAE04EC0-301F-11D3-BF4B-00C04F79EFBC}") = "AdnTestingSystem.ServiceDefaults", "AdnTestingSystem.ServiceDefaults\AdnTestingSystem.ServiceDefaults.csproj", "{39E77FD7-0FA8-40CD-BBA1-51018A28DDD1}"
EndProject
Project("{2150E333-8FDC-42A3-9474-1A3956D46DE8}") = "gateway", "gateway", "{60D5F2BF-97B4-4F3C-B286-D0804AB35F62}"
EndProject
Project("{2150E333-8FDC-42A3-9474-1A3956D46DE8}") = "services", "services", "{715B7A94-03F0-41D0-97FE-9998688C24CA}"
EndProject
Project("{2150E333-8FDC-42A3-9474-1A3956D46DE8}") = "identity", "identity", "{5B7B2AFD-2B4C-4970-BBE0-96DCD341F297}"
EndProject
Project("{FAE04EC0-301F-11D3-BF4B-00C04F79EFBC}") = "AdnTestingSystem.IdentityService.API", "AdnTestingSystem.IdentityService.API\AdnTestingSystem.IdentityService.API.csproj", "{2B50757E-19F9-4F5B-86B2-4C6F480AA1F9}"
EndProject
Project("{2150E333-8FDC-42A3-9474-1A3956D46DE8}") = "booking", "booking", "{D18A17B8-949B-4035-9B54-F118F127866B}"
EndProject
Project("{FAE04EC0-301F-11D3-BF4B-00C04F79EFBC}") = "AdnTestingSystem.BookingService.API", "AdnTestingSystem.BookingService.API\AdnTestingSystem.BookingService.API.csproj", "{77732E44-A331-4AE7-A258-4BC5D39DB8A7}"
EndProject
Project("{2150E333-8FDC-42A3-9474-1A3956D46DE8}") = "sample", "sample", "{4516F8B7-0DDC-4C78-94D0-03D9BB754CE4}"
EndProject
Project("{FAE04EC0-301F-11D3-BF4B-00C04F79EFBC}") = "AdnTestingSystem.SampleService.API", "AdnTestingSystem.SampleService.API\AdnTestingSystem.SampleService.API.csproj", "{BD73B805-E2AF-45FD-A3E3-B6850256F57D}"
EndProject
Project("{2150E333-8FDC-42A3-9474-1A3956D46DE8}") = "test", "test", "{06471AB7-5BBB-404C-8108-F0D46798084A}"
EndProject
Project("{FAE04EC0-301F-11D3-BF4B-00C04F79EFBC}") = "AdnTestingSystem.TestService.API", "AdnTestingSystem.TestService.API\AdnTestingSystem.TestService.API.csproj", "{EF5DE7D0-1C0E-4AA5-AAA3-7E97F1BEE31A}"
EndProject
Project("{2150E333-8FDC-42A3-9474-1A3956D46DE8}") = "feedback", "feedback", "{F10D15C0-F39F-465C-A4EE-5E83A0004CEC}"
EndProject
Project("{FAE04EC0-301F-11D3-BF4B-00C04F79EFBC}") = "AdnTestingSystem.FeedbackService.API", "AdnTestingSystem.FeedbackService.API\AdnTestingSystem.FeedbackService.API.csproj", "{8172C66A-7334-4D48-B99D-024B60ED45DA}"
EndProject
Project("{2150E333-8FDC-42A3-9474-1A3956D46DE8}") = "report", "report", "{FBA952E5-9233-4E5E-88AF-3140BABDEFF3}"
EndProject
Project("{FAE04EC0-301F-11D3-BF4B-00C04F79EFBC}") = "AdnTestingSystem.ReportService.API", "AdnTestingSystem.ReportService.API\AdnTestingSystem.ReportService.API.csproj", "{F40B3B7E-9F45-4529-B8DB-791A868A136E}"
EndProject
Project("{2150E333-8FDC-42A3-9474-1A3956D46DE8}") = "user", "user", "{44C490C5-EF79-46C0-A184-E1E25248D186}"
EndProject
Project("{FAE04EC0-301F-11D3-BF4B-00C04F79EFBC}") = "AdnTestingSystem.UserService.API", "AdnTestingSystem.UserService.API\AdnTestingSystem.UserService.API.csproj", "{2D5A2004-5F73-4D40-A192-4214F29A66A4}"
EndProject
Project("{FAE04EC0-301F-11D3-BF4B-00C04F79EFBC}") = "AdnTestingSystem.IdentityService.Services", "AdnTestingSystem.IdentityService.Services\AdnTestingSystem.IdentityService.Services.csproj", "{FD1207A4-BC72-41C9-9843-48998A81B478}"
EndProject
Project("{FAE04EC0-301F-11D3-BF4B-00C04F79EFBC}") = "AdnTestingSystem.IdentityService.Repositories", "AdnTestingSystem.IdentityService.Repositories\AdnTestingSystem.IdentityService.Repositories.csproj", "{C7390DE6-EED3-4F5E-951E-39448D346660}"
EndProject
Project("{FAE04EC0-301F-11D3-BF4B-00C04F79EFBC}") = "AdnTestingSystem.ReportService.Services", "AdnTestingSystem.ReportService.Services\AdnTestingSystem.ReportService.Services.csproj", "{1BF2BD06-DB58-4726-987F-381F68F0536E}"
EndProject
Project("{FAE04EC0-301F-11D3-BF4B-00C04F79EFBC}") = "AdnTestingSystem.ReportService.Repositories", "AdnTestingSystem.ReportService.Repositories\AdnTestingSystem.ReportService.Repositories.csproj", "{44D78447-F33B-4FB9-A10F-E2C3A71BE6A3}"
EndProject
Project("{FAE04EC0-301F-11D3-BF4B-00C04F79EFBC}") = "AdnTestingSystem.SampleService.Services", "AdnTestingSystem.SampleService.Services\AdnTestingSystem.SampleService.Services.csproj", "{B0F74570-F1E5-4164-B782-947503EE30C0}"
EndProject
Project("{FAE04EC0-301F-11D3-BF4B-00C04F79EFBC}") = "AdnTestingSystem.SampleService.Repositories", "AdnTestingSystem.SampleService.Repositories\AdnTestingSystem.SampleService.Repositories.csproj", "{A1805D3A-EDFE-449C-AAC6-7B78AEEF0D78}"
EndProject
Project("{FAE04EC0-301F-11D3-BF4B-00C04F79EFBC}") = "AdnTestingSystem.TestService.Repositories", "AdnTestingSystem.TestService.Repositories\AdnTestingSystem.TestService.Repositories.csproj", "{BFF21553-30E8-49DA-A739-5AE1080278C7}"
EndProject
Project("{FAE04EC0-301F-11D3-BF4B-00C04F79EFBC}") = "AdnTestingSystem.TestService.Services", "AdnTestingSystem.TestService.Services\AdnTestingSystem.TestService.Services.csproj", "{9882B04B-6B5D-4D3B-A06D-1C3A256A7B08}"
EndProject
Project("{FAE04EC0-301F-11D3-BF4B-00C04F79EFBC}") = "AdnTestingSystem.UserService.Repositories", "AdnTestingSystem.UserService.Repositories\AdnTestingSystem.UserService.Repositories.csproj", "{408626F1-2980-4FDD-AF81-66FF69A8FDBB}"
EndProject
Project("{FAE04EC0-301F-11D3-BF4B-00C04F79EFBC}") = "AdnTestingSystem.UserService.Services", "AdnTestingSystem.UserService.Services\AdnTestingSystem.UserService.Services.csproj", "{059FD29A-AC11-4A6B-86C2-32AC92AC6BD9}"
EndProject
Project("{FAE04EC0-301F-11D3-BF4B-00C04F79EFBC}") = "AdnTestingSystem.Core", "AdnTestingSystem.Core\AdnTestingSystem.Core.csproj", "{3B9223E8-DED7-494C-B3AE-2C5F8F7F7283}"
EndProject
Project("{FAE04EC0-301F-11D3-BF4B-00C04F79EFBC}") = "EventBus", "EventBus\EventBus.csproj", "{67A95FA9-039C-460D-B8A0-9186697E964B}"
EndProject
Project("{FAE04EC0-301F-11D3-BF4B-00C04F79EFBC}") = "EventBusRabbitMQ", "EventBusRabbitMQ\EventBusRabbitMQ.csproj", "{46E566D8-DF4F-4B70-AE80-2CC20D833248}"
EndProject
Global
	GlobalSection(SolutionConfigurationPlatforms) = preSolution
		Debug|Any CPU = Debug|Any CPU
		Release|Any CPU = Release|Any CPU
	EndGlobalSection
	GlobalSection(ProjectConfigurationPlatforms) = postSolution
		{ECE9A1D2-86C5-4632-A552-C9EB3EA29473}.Debug|Any CPU.ActiveCfg = Debug|Any CPU
		{ECE9A1D2-86C5-4632-A552-C9EB3EA29473}.Debug|Any CPU.Build.0 = Debug|Any CPU
		{ECE9A1D2-86C5-4632-A552-C9EB3EA29473}.Release|Any CPU.ActiveCfg = Release|Any CPU
		{ECE9A1D2-86C5-4632-A552-C9EB3EA29473}.Release|Any CPU.Build.0 = Release|Any CPU
		{39E77FD7-0FA8-40CD-BBA1-51018A28DDD1}.Debug|Any CPU.ActiveCfg = Debug|Any CPU
		{39E77FD7-0FA8-40CD-BBA1-51018A28DDD1}.Debug|Any CPU.Build.0 = Debug|Any CPU
		{39E77FD7-0FA8-40CD-BBA1-51018A28DDD1}.Release|Any CPU.ActiveCfg = Release|Any CPU
		{39E77FD7-0FA8-40CD-BBA1-51018A28DDD1}.Release|Any CPU.Build.0 = Release|Any CPU
		{2B50757E-19F9-4F5B-86B2-4C6F480AA1F9}.Debug|Any CPU.ActiveCfg = Debug|Any CPU
		{2B50757E-19F9-4F5B-86B2-4C6F480AA1F9}.Debug|Any CPU.Build.0 = Debug|Any CPU
		{2B50757E-19F9-4F5B-86B2-4C6F480AA1F9}.Release|Any CPU.ActiveCfg = Release|Any CPU
		{2B50757E-19F9-4F5B-86B2-4C6F480AA1F9}.Release|Any CPU.Build.0 = Release|Any CPU
		{77732E44-A331-4AE7-A258-4BC5D39DB8A7}.Debug|Any CPU.ActiveCfg = Debug|Any CPU
		{77732E44-A331-4AE7-A258-4BC5D39DB8A7}.Debug|Any CPU.Build.0 = Debug|Any CPU
		{77732E44-A331-4AE7-A258-4BC5D39DB8A7}.Release|Any CPU.ActiveCfg = Release|Any CPU
		{77732E44-A331-4AE7-A258-4BC5D39DB8A7}.Release|Any CPU.Build.0 = Release|Any CPU
		{BD73B805-E2AF-45FD-A3E3-B6850256F57D}.Debug|Any CPU.ActiveCfg = Debug|Any CPU
		{BD73B805-E2AF-45FD-A3E3-B6850256F57D}.Debug|Any CPU.Build.0 = Debug|Any CPU
		{BD73B805-E2AF-45FD-A3E3-B6850256F57D}.Release|Any CPU.ActiveCfg = Release|Any CPU
		{BD73B805-E2AF-45FD-A3E3-B6850256F57D}.Release|Any CPU.Build.0 = Release|Any CPU
		{EF5DE7D0-1C0E-4AA5-AAA3-7E97F1BEE31A}.Debug|Any CPU.ActiveCfg = Debug|Any CPU
		{EF5DE7D0-1C0E-4AA5-AAA3-7E97F1BEE31A}.Debug|Any CPU.Build.0 = Debug|Any CPU
		{EF5DE7D0-1C0E-4AA5-AAA3-7E97F1BEE31A}.Release|Any CPU.ActiveCfg = Release|Any CPU
		{EF5DE7D0-1C0E-4AA5-AAA3-7E97F1BEE31A}.Release|Any CPU.Build.0 = Release|Any CPU
		{8172C66A-7334-4D48-B99D-024B60ED45DA}.Debug|Any CPU.ActiveCfg = Debug|Any CPU
		{8172C66A-7334-4D48-B99D-024B60ED45DA}.Debug|Any CPU.Build.0 = Debug|Any CPU
		{8172C66A-7334-4D48-B99D-024B60ED45DA}.Release|Any CPU.ActiveCfg = Release|Any CPU
		{8172C66A-7334-4D48-B99D-024B60ED45DA}.Release|Any CPU.Build.0 = Release|Any CPU
		{F40B3B7E-9F45-4529-B8DB-791A868A136E}.Debug|Any CPU.ActiveCfg = Debug|Any CPU
		{F40B3B7E-9F45-4529-B8DB-791A868A136E}.Debug|Any CPU.Build.0 = Debug|Any CPU
		{F40B3B7E-9F45-4529-B8DB-791A868A136E}.Release|Any CPU.ActiveCfg = Release|Any CPU
		{F40B3B7E-9F45-4529-B8DB-791A868A136E}.Release|Any CPU.Build.0 = Release|Any CPU
		{2D5A2004-5F73-4D40-A192-4214F29A66A4}.Debug|Any CPU.ActiveCfg = Debug|Any CPU
		{2D5A2004-5F73-4D40-A192-4214F29A66A4}.Debug|Any CPU.Build.0 = Debug|Any CPU
		{2D5A2004-5F73-4D40-A192-4214F29A66A4}.Release|Any CPU.ActiveCfg = Release|Any CPU
		{2D5A2004-5F73-4D40-A192-4214F29A66A4}.Release|Any CPU.Build.0 = Release|Any CPU
		{FD1207A4-BC72-41C9-9843-48998A81B478}.Debug|Any CPU.ActiveCfg = Debug|Any CPU
		{FD1207A4-BC72-41C9-9843-48998A81B478}.Debug|Any CPU.Build.0 = Debug|Any CPU
		{FD1207A4-BC72-41C9-9843-48998A81B478}.Release|Any CPU.ActiveCfg = Release|Any CPU
		{FD1207A4-BC72-41C9-9843-48998A81B478}.Release|Any CPU.Build.0 = Release|Any CPU
		{C7390DE6-EED3-4F5E-951E-39448D346660}.Debug|Any CPU.ActiveCfg = Debug|Any CPU
		{C7390DE6-EED3-4F5E-951E-39448D346660}.Debug|Any CPU.Build.0 = Debug|Any CPU
		{C7390DE6-EED3-4F5E-951E-39448D346660}.Release|Any CPU.ActiveCfg = Release|Any CPU
		{C7390DE6-EED3-4F5E-951E-39448D346660}.Release|Any CPU.Build.0 = Release|Any CPU
		{1BF2BD06-DB58-4726-987F-381F68F0536E}.Debug|Any CPU.ActiveCfg = Debug|Any CPU
		{1BF2BD06-DB58-4726-987F-381F68F0536E}.Debug|Any CPU.Build.0 = Debug|Any CPU
		{1BF2BD06-DB58-4726-987F-381F68F0536E}.Release|Any CPU.ActiveCfg = Release|Any CPU
		{1BF2BD06-DB58-4726-987F-381F68F0536E}.Release|Any CPU.Build.0 = Release|Any CPU
		{44D78447-F33B-4FB9-A10F-E2C3A71BE6A3}.Debug|Any CPU.ActiveCfg = Debug|Any CPU
		{44D78447-F33B-4FB9-A10F-E2C3A71BE6A3}.Debug|Any CPU.Build.0 = Debug|Any CPU
		{44D78447-F33B-4FB9-A10F-E2C3A71BE6A3}.Release|Any CPU.ActiveCfg = Release|Any CPU
		{44D78447-F33B-4FB9-A10F-E2C3A71BE6A3}.Release|Any CPU.Build.0 = Release|Any CPU
		{B0F74570-F1E5-4164-B782-947503EE30C0}.Debug|Any CPU.ActiveCfg = Debug|Any CPU
		{B0F74570-F1E5-4164-B782-947503EE30C0}.Debug|Any CPU.Build.0 = Debug|Any CPU
		{B0F74570-F1E5-4164-B782-947503EE30C0}.Release|Any CPU.ActiveCfg = Release|Any CPU
		{B0F74570-F1E5-4164-B782-947503EE30C0}.Release|Any CPU.Build.0 = Release|Any CPU
		{A1805D3A-EDFE-449C-AAC6-7B78AEEF0D78}.Debug|Any CPU.ActiveCfg = Debug|Any CPU
		{A1805D3A-EDFE-449C-AAC6-7B78AEEF0D78}.Debug|Any CPU.Build.0 = Debug|Any CPU
		{A1805D3A-EDFE-449C-AAC6-7B78AEEF0D78}.Release|Any CPU.ActiveCfg = Release|Any CPU
		{A1805D3A-EDFE-449C-AAC6-7B78AEEF0D78}.Release|Any CPU.Build.0 = Release|Any CPU
		{BFF21553-30E8-49DA-A739-5AE1080278C7}.Debug|Any CPU.ActiveCfg = Debug|Any CPU
		{BFF21553-30E8-49DA-A739-5AE1080278C7}.Debug|Any CPU.Build.0 = Debug|Any CPU
		{BFF21553-30E8-49DA-A739-5AE1080278C7}.Release|Any CPU.ActiveCfg = Release|Any CPU
		{BFF21553-30E8-49DA-A739-5AE1080278C7}.Release|Any CPU.Build.0 = Release|Any CPU
		{9882B04B-6B5D-4D3B-A06D-1C3A256A7B08}.Debug|Any CPU.ActiveCfg = Debug|Any CPU
		{9882B04B-6B5D-4D3B-A06D-1C3A256A7B08}.Debug|Any CPU.Build.0 = Debug|Any CPU
		{9882B04B-6B5D-4D3B-A06D-1C3A256A7B08}.Release|Any CPU.ActiveCfg = Release|Any CPU
		{9882B04B-6B5D-4D3B-A06D-1C3A256A7B08}.Release|Any CPU.Build.0 = Release|Any CPU
		{408626F1-2980-4FDD-AF81-66FF69A8FDBB}.Debug|Any CPU.ActiveCfg = Debug|Any CPU
		{408626F1-2980-4FDD-AF81-66FF69A8FDBB}.Debug|Any CPU.Build.0 = Debug|Any CPU
		{408626F1-2980-4FDD-AF81-66FF69A8FDBB}.Release|Any CPU.ActiveCfg = Release|Any CPU
		{408626F1-2980-4FDD-AF81-66FF69A8FDBB}.Release|Any CPU.Build.0 = Release|Any CPU
		{059FD29A-AC11-4A6B-86C2-32AC92AC6BD9}.Debug|Any CPU.ActiveCfg = Debug|Any CPU
		{059FD29A-AC11-4A6B-86C2-32AC92AC6BD9}.Debug|Any CPU.Build.0 = Debug|Any CPU
		{059FD29A-AC11-4A6B-86C2-32AC92AC6BD9}.Release|Any CPU.ActiveCfg = Release|Any CPU
		{059FD29A-AC11-4A6B-86C2-32AC92AC6BD9}.Release|Any CPU.Build.0 = Release|Any CPU
		{3B9223E8-DED7-494C-B3AE-2C5F8F7F7283}.Debug|Any CPU.ActiveCfg = Debug|Any CPU
		{3B9223E8-DED7-494C-B3AE-2C5F8F7F7283}.Debug|Any CPU.Build.0 = Debug|Any CPU
		{3B9223E8-DED7-494C-B3AE-2C5F8F7F7283}.Release|Any CPU.ActiveCfg = Release|Any CPU
		{3B9223E8-DED7-494C-B3AE-2C5F8F7F7283}.Release|Any CPU.Build.0 = Release|Any CPU
		{67A95FA9-039C-460D-B8A0-9186697E964B}.Debug|Any CPU.ActiveCfg = Debug|Any CPU
		{67A95FA9-039C-460D-B8A0-9186697E964B}.Debug|Any CPU.Build.0 = Debug|Any CPU
		{67A95FA9-039C-460D-B8A0-9186697E964B}.Release|Any CPU.ActiveCfg = Release|Any CPU
		{67A95FA9-039C-460D-B8A0-9186697E964B}.Release|Any CPU.Build.0 = Release|Any CPU
		{46E566D8-DF4F-4B70-AE80-2CC20D833248}.Debug|Any CPU.ActiveCfg = Debug|Any CPU
		{46E566D8-DF4F-4B70-AE80-2CC20D833248}.Debug|Any CPU.Build.0 = Debug|Any CPU
		{46E566D8-DF4F-4B70-AE80-2CC20D833248}.Release|Any CPU.ActiveCfg = Release|Any CPU
		{46E566D8-DF4F-4B70-AE80-2CC20D833248}.Release|Any CPU.Build.0 = Release|Any CPU
	EndGlobalSection
	GlobalSection(SolutionProperties) = preSolution
		HideSolutionNode = FALSE
	EndGlobalSection
	GlobalSection(NestedProjects) = preSolution
		{5B7B2AFD-2B4C-4970-BBE0-96DCD341F297} = {715B7A94-03F0-41D0-97FE-9998688C24CA}
		{2B50757E-19F9-4F5B-86B2-4C6F480AA1F9} = {5B7B2AFD-2B4C-4970-BBE0-96DCD341F297}
		{D18A17B8-949B-4035-9B54-F118F127866B} = {715B7A94-03F0-41D0-97FE-9998688C24CA}
		{77732E44-A331-4AE7-A258-4BC5D39DB8A7} = {D18A17B8-949B-4035-9B54-F118F127866B}
		{4516F8B7-0DDC-4C78-94D0-03D9BB754CE4} = {715B7A94-03F0-41D0-97FE-9998688C24CA}
		{BD73B805-E2AF-45FD-A3E3-B6850256F57D} = {4516F8B7-0DDC-4C78-94D0-03D9BB754CE4}
		{06471AB7-5BBB-404C-8108-F0D46798084A} = {715B7A94-03F0-41D0-97FE-9998688C24CA}
		{EF5DE7D0-1C0E-4AA5-AAA3-7E97F1BEE31A} = {06471AB7-5BBB-404C-8108-F0D46798084A}
		{F10D15C0-F39F-465C-A4EE-5E83A0004CEC} = {715B7A94-03F0-41D0-97FE-9998688C24CA}
		{8172C66A-7334-4D48-B99D-024B60ED45DA} = {F10D15C0-F39F-465C-A4EE-5E83A0004CEC}
		{FBA952E5-9233-4E5E-88AF-3140BABDEFF3} = {715B7A94-03F0-41D0-97FE-9998688C24CA}
		{F40B3B7E-9F45-4529-B8DB-791A868A136E} = {FBA952E5-9233-4E5E-88AF-3140BABDEFF3}
		{44C490C5-EF79-46C0-A184-E1E25248D186} = {715B7A94-03F0-41D0-97FE-9998688C24CA}
		{2D5A2004-5F73-4D40-A192-4214F29A66A4} = {44C490C5-EF79-46C0-A184-E1E25248D186}
		{FD1207A4-BC72-41C9-9843-48998A81B478} = {5B7B2AFD-2B4C-4970-BBE0-96DCD341F297}
		{C7390DE6-EED3-4F5E-951E-39448D346660} = {5B7B2AFD-2B4C-4970-BBE0-96DCD341F297}
		{1BF2BD06-DB58-4726-987F-381F68F0536E} = {FBA952E5-9233-4E5E-88AF-3140BABDEFF3}
		{44D78447-F33B-4FB9-A10F-E2C3A71BE6A3} = {FBA952E5-9233-4E5E-88AF-3140BABDEFF3}
		{B0F74570-F1E5-4164-B782-947503EE30C0} = {4516F8B7-0DDC-4C78-94D0-03D9BB754CE4}
		{A1805D3A-EDFE-449C-AAC6-7B78AEEF0D78} = {4516F8B7-0DDC-4C78-94D0-03D9BB754CE4}
		{BFF21553-30E8-49DA-A739-5AE1080278C7} = {06471AB7-5BBB-404C-8108-F0D46798084A}
		{9882B04B-6B5D-4D3B-A06D-1C3A256A7B08} = {06471AB7-5BBB-404C-8108-F0D46798084A}
		{408626F1-2980-4FDD-AF81-66FF69A8FDBB} = {44C490C5-EF79-46C0-A184-E1E25248D186}
		{059FD29A-AC11-4A6B-86C2-32AC92AC6BD9} = {44C490C5-EF79-46C0-A184-E1E25248D186}
	EndGlobalSection
EndGlobal
